
Microsoft Visual Studio Solution File, Format Version 12.00
# Visual Studio Version 17
VisualStudioVersion = 17.7.34221.43
MinimumVisualStudioVersion = 10.0.40219.1
Project("{FAE04EC0-301F-11D3-BF4B-00C04F79EFBC}") = "Company.PL", "Company.PL\Company.PL.csproj", "{426106C6-B40E-4764-B9D3-6908712328D2}"
EndProject
Project("{FAE04EC0-301F-11D3-BF4B-00C04F79EFBC}") = "Company.DAL", "Company.DAL\Company.DAL.csproj", "{AF6D5D03-A06A-43BD-A9C2-F63AF4B069C7}"
EndProject
Project("{FAE04EC0-301F-11D3-BF4B-00C04F79EFBC}") = "Company.BLL", "Company.BLL\Company.BLL.csproj", "{E770EE63-4625-4799-A8F7-6814FFEA20B0}"
EndProject
Global
	GlobalSection(SolutionConfigurationPlatforms) = preSolution
		Debug|Any CPU = Debug|Any CPU
		Release|Any CPU = Release|Any CPU
	EndGlobalSection
	GlobalSection(ProjectConfigurationPlatforms) = postSolution
		{426106C6-B40E-4764-B9D3-6908712328D2}.Debug|Any CPU.ActiveCfg = Debug|Any CPU
		{426106C6-B40E-4764-B9D3-6908712328D2}.Debug|Any CPU.Build.0 = Debug|Any CPU
		{426106C6-B40E-4764-B9D3-6908712328D2}.Release|Any CPU.ActiveCfg = Release|Any CPU
		{426106C6-B40E-4764-B9D3-6908712328D2}.Release|Any CPU.Build.0 = Release|Any CPU
		{AF6D5D03-A06A-43BD-A9C2-F63AF4B069C7}.Debug|Any CPU.ActiveCfg = Debug|Any CPU
		{AF6D5D03-A06A-43BD-A9C2-F63AF4B069C7}.Debug|Any CPU.Build.0 = Debug|Any CPU
		{AF6D5D03-A06A-43BD-A9C2-F63AF4B069C7}.Release|Any CPU.ActiveCfg = Release|Any CPU
		{AF6D5D03-A06A-43BD-A9C2-F63AF4B069C7}.Release|Any CPU.Build.0 = Release|Any CPU
		{E770EE63-4625-4799-A8F7-6814FFEA20B0}.Debug|Any CPU.ActiveCfg = Debug|Any CPU
		{E770EE63-4625-4799-A8F7-6814FFEA20B0}.Debug|Any CPU.Build.0 = Debug|Any CPU
		{E770EE63-4625-4799-A8F7-6814FFEA20B0}.Release|Any CPU.ActiveCfg = Release|Any CPU
		{E770EE63-4625-4799-A8F7-6814FFEA20B0}.Release|Any CPU.Build.0 = Release|Any CPU
	EndGlobalSection
	GlobalSection(SolutionProperties) = preSolution
		HideSolutionNode = FALSE
	EndGlobalSection
	GlobalSection(ExtensibilityGlobals) = postSolution
		SolutionGuid = {D1C8200C-18E3-40E3-9E9B-377B0D5C1DB7}
	EndGlobalSection
EndGlobal
